
Microsoft Visual Studio Solution File, Format Version 12.00
# Visual Studio Version 16
VisualStudioVersion = 16.0.30523.141
MinimumVisualStudioVersion = 10.0.40219.1
Project("{9A19103F-16F7-4668-BE54-9A1E7A4F7556}") = "oop_lab4", "oop_lab4\oop_lab4.csproj", "{2E2261B5-5FD3-4E73-A0F1-DA8CF7D26F32}"
EndProject
Project("{FAE04EC0-301F-11D3-BF4B-00C04F79EFBC}") = "oop_lab4.Tests", "oop_lab4.Tests\oop_lab4.Tests.csproj", "{73E535D7-5DF1-4F57-B1D4-F9E993E532EF}"
EndProject
Global
	GlobalSection(SolutionConfigurationPlatforms) = preSolution
		Debug|Any CPU = Debug|Any CPU
		Release|Any CPU = Release|Any CPU
	EndGlobalSection
	GlobalSection(ProjectConfigurationPlatforms) = postSolution
		{2E2261B5-5FD3-4E73-A0F1-DA8CF7D26F32}.Debug|Any CPU.ActiveCfg = Debug|Any CPU
		{2E2261B5-5FD3-4E73-A0F1-DA8CF7D26F32}.Debug|Any CPU.Build.0 = Debug|Any CPU
		{2E2261B5-5FD3-4E73-A0F1-DA8CF7D26F32}.Release|Any CPU.ActiveCfg = Release|Any CPU
		{2E2261B5-5FD3-4E73-A0F1-DA8CF7D26F32}.Release|Any CPU.Build.0 = Release|Any CPU
		{73E535D7-5DF1-4F57-B1D4-F9E993E532EF}.Debug|Any CPU.ActiveCfg = Debug|Any CPU
		{73E535D7-5DF1-4F57-B1D4-F9E993E532EF}.Debug|Any CPU.Build.0 = Debug|Any CPU
		{73E535D7-5DF1-4F57-B1D4-F9E993E532EF}.Release|Any CPU.ActiveCfg = Release|Any CPU
		{73E535D7-5DF1-4F57-B1D4-F9E993E532EF}.Release|Any CPU.Build.0 = Release|Any CPU
	EndGlobalSection
	GlobalSection(SolutionProperties) = preSolution
		HideSolutionNode = FALSE
	EndGlobalSection
	GlobalSection(ExtensibilityGlobals) = postSolution
		SolutionGuid = {758E5AE8-B46F-4E31-8425-01E899E4BC22}
	EndGlobalSection
EndGlobal
